# This file is automatically @generated by Cargo.
# It is not intended for manual editing.
version = 4

[[package]]
name = "Inflector"
version = "0.11.4"
source = "registry+https://github.com/rust-lang/crates.io-index"
checksum = "fe438c63458706e03479442743baae6c88256498e6431708f6dfc520a26515d3"

[[package]]
name = "ahash"
version = "0.8.10"
source = "registry+https://github.com/rust-lang/crates.io-index"
checksum = "8b79b82693f705137f8fb9b37871d99e4f9a7df12b917eed79c3d3954830a60b"
dependencies = [
 "cfg-if",
 "once_cell",
 "version_check",
 "zerocopy",
]

[[package]]
name = "anyhow"
version = "1.0.80"
source = "registry+https://github.com/rust-lang/crates.io-index"
checksum = "5ad32ce52e4161730f7098c077cd2ed6229b5804ccf99e5366be1ab72a98b4e1"

[[package]]
name = "arrayvec"
version = "0.5.2"
source = "registry+https://github.com/rust-lang/crates.io-index"
checksum = "23b62fc65de8e4e7f52534fb52b0f3ed04746ae267519eef2a83941e8085068b"

[[package]]
name = "autocfg"
version = "1.1.0"
source = "registry+https://github.com/rust-lang/crates.io-index"
checksum = "d468802bab17cbc0cc575e9b053f41e72aa36bfa6b7f55e3529ffa43161b97fa"

[[package]]
name = "cfg-if"
version = "1.0.0"
source = "registry+https://github.com/rust-lang/crates.io-index"
checksum = "baf1de4339761588bc0619e3cbc0120ee582ebb74b53b4efbf79117bd2da40fd"

[[package]]
name = "convert_case"
version = "0.4.0"
source = "registry+https://github.com/rust-lang/crates.io-index"
checksum = "6245d59a3e82a7fc217c5828a6692dbc6dfb63a0c8c90495621f7b9d79704a0e"

[[package]]
name = "crunchy"
version = "0.2.2"
source = "registry+https://github.com/rust-lang/crates.io-index"
checksum = "7a81dae078cea95a014a339291cec439d2f232ebe854a9d672b796c6afafa9b7"

[[package]]
name = "derive_more"
version = "0.99.17"
source = "registry+https://github.com/rust-lang/crates.io-index"
checksum = "4fb810d30a7c1953f91334de7244731fc3f3c10d7fe163338a35b9f640960321"
dependencies = [
 "convert_case",
 "proc-macro2",
 "quote",
 "rustc_version",
 "syn 1.0.109",
]

[[package]]
name = "downcast-rs"
version = "1.2.1"
source = "registry+https://github.com/rust-lang/crates.io-index"
checksum = "75b325c5dbd37f80359721ad39aca5a29fb04c89279657cffdda8736d0c0b9d2"

[[package]]
name = "dyn-clone"
version = "1.0.17"
source = "registry+https://github.com/rust-lang/crates.io-index"
checksum = "0d6ef0072f8a535281e4876be788938b528e9a1d43900b82c2569af7da799125"

[[package]]
name = "either"
version = "1.10.0"
source = "registry+https://github.com/rust-lang/crates.io-index"
checksum = "11157ac094ffbdde99aa67b23417ebdd801842852b500e395a45a9c0aac03e4a"

[[package]]
name = "equivalent"
version = "1.0.1"
source = "registry+https://github.com/rust-lang/crates.io-index"
checksum = "5443807d6dff69373d433ab9ef5378ad8df50ca6298caf15de6e52e24aaf54d5"

[[package]]
name = "fixedbitset"
version = "0.4.2"
source = "registry+https://github.com/rust-lang/crates.io-index"
checksum = "0ce7134b9999ecaf8bcd65542e436736ef32ddca1b3e06094cb6ec5755203b80"

[[package]]
name = "getopts"
version = "0.2.21"
source = "registry+https://github.com/rust-lang/crates.io-index"
checksum = "14dbbfd5c71d70241ecf9e6f13737f7b5ce823821063188d7e46c41d371eebd5"
dependencies = [
 "unicode-width",
]

[[package]]
name = "getrandom"
version = "0.2.12"
source = "registry+https://github.com/rust-lang/crates.io-index"
checksum = "190092ea657667030ac6a35e305e62fc4dd69fd98ac98631e5d3a2b1575a12b5"
dependencies = [
 "cfg-if",
 "libc",
 "wasi",
]

[[package]]
name = "hashbrown"
version = "0.14.3"
source = "registry+https://github.com/rust-lang/crates.io-index"
checksum = "290f1a1d9242c78d09ce40a5e87e7554ee637af1351968159f4952f028f75604"
dependencies = [
 "ahash",
]

[[package]]
name = "heck"
version = "0.5.0"
source = "registry+https://github.com/rust-lang/crates.io-index"
checksum = "2304e00983f87ffb38b55b444b5e3b60a884b5d30c0fca7d82fe33449bbe55ea"

[[package]]
name = "indexmap"
version = "2.2.3"
source = "registry+https://github.com/rust-lang/crates.io-index"
checksum = "233cf39063f058ea2caae4091bf4a3ef70a653afbc026f5c4a4135d114e3c177"
dependencies = [
 "equivalent",
 "hashbrown",
]

[[package]]
name = "indoc"
version = "2.0.5"
source = "registry+https://github.com/rust-lang/crates.io-index"
checksum = "b248f5224d1d606005e02c97f5aa4e88eeb230488bcc03bc9ca4d7991399f2b5"

[[package]]
name = "is-macro"
version = "0.3.5"
source = "registry+https://github.com/rust-lang/crates.io-index"
checksum = "59a85abdc13717906baccb5a1e435556ce0df215f242892f721dff62bf25288f"
dependencies = [
 "Inflector",
 "proc-macro2",
 "quote",
 "syn 2.0.100",
]

[[package]]
name = "itertools"
version = "0.10.5"
source = "registry+https://github.com/rust-lang/crates.io-index"
checksum = "b0fd2260e829bddf4cb6ea802289de2f86d6a7a690192fbe91b3f46e0f2c8473"
dependencies = [
 "either",
]

[[package]]
name = "itertools"
version = "0.11.0"
source = "registry+https://github.com/rust-lang/crates.io-index"
checksum = "b1c173a5686ce8bfa551b3563d0c2170bf24ca44da99c7ca4bfdab5418c3fe57"
dependencies = [
 "either",
]

[[package]]
name = "lalrpop-util"
version = "0.20.0"
source = "registry+https://github.com/rust-lang/crates.io-index"
checksum = "3f35c735096c0293d313e8f2a641627472b83d01b937177fe76e5e2708d31e0d"

[[package]]
name = "libc"
version = "0.2.153"
source = "registry+https://github.com/rust-lang/crates.io-index"
checksum = "9c198f91728a82281a64e1f4f9eeb25d82cb32a5de251c6bd1b5154d63a8e7bd"

[[package]]
name = "libm"
version = "0.2.8"
source = "registry+https://github.com/rust-lang/crates.io-index"
checksum = "4ec2a862134d2a7d32d7983ddcdd1c4923530833c9f2ea1a44fc5fa473989058"

[[package]]
name = "log"
version = "0.4.20"
source = "registry+https://github.com/rust-lang/crates.io-index"
checksum = "b5e6163cb8c49088c2c36f57875e58ccd8c87c7427f7fbd50ea6710b2f3f2e8f"

[[package]]
name = "malachite"
version = "0.4.5"
source = "registry+https://github.com/rust-lang/crates.io-index"
checksum = "53ff327de42075f680ba15c5cb3c417687eb7241ce2063a91d0186ce5c5e77ee"
dependencies = [
 "malachite-base",
 "malachite-nz",
 "malachite-q",
]

[[package]]
name = "malachite-base"
version = "0.4.5"
source = "registry+https://github.com/rust-lang/crates.io-index"
checksum = "e960ee0e7e1b8eec9229f5b20d6b191762574225144ea638eb961d065c97b55d"
dependencies = [
 "hashbrown",
 "itertools 0.11.0",
 "libm",
 "ryu",
]

[[package]]
name = "malachite-bigint"
version = "0.2.0"
source = "registry+https://github.com/rust-lang/crates.io-index"
checksum = "17703a19c80bbdd0b7919f0f104f3b0597f7de4fc4e90a477c15366a5ba03faa"
dependencies = [
 "derive_more",
 "malachite",
 "num-integer",
 "num-traits",
 "paste",
]

[[package]]
name = "malachite-nz"
version = "0.4.5"
source = "registry+https://github.com/rust-lang/crates.io-index"
checksum = "770aaf1a4d59a82ed3d8644eb66aff7492a6dd7476def275a922d04d77ca8e57"
dependencies = [
 "itertools 0.11.0",
 "libm",
 "malachite-base",
]

[[package]]
name = "malachite-q"
version = "0.4.5"
source = "registry+https://github.com/rust-lang/crates.io-index"
checksum = "33a9dfca114f6b582595990ccfc287cace633aa95f890ade5b1fc099b7175d3b"
dependencies = [
 "itertools 0.11.0",
 "malachite-base",
 "malachite-nz",
]

[[package]]
name = "memchr"
version = "2.7.1"
source = "registry+https://github.com/rust-lang/crates.io-index"
checksum = "523dc4f511e55ab87b694dc30d0f820d60906ef06413f93d4d7a1385599cc149"

[[package]]
name = "memoffset"
version = "0.9.0"
source = "registry+https://github.com/rust-lang/crates.io-index"
checksum = "5a634b1c61a95585bd15607c6ab0c4e5b226e695ff2800ba0cdccddf208c406c"
dependencies = [
 "autocfg",
]

[[package]]
name = "num-integer"
version = "0.1.46"
source = "registry+https://github.com/rust-lang/crates.io-index"
checksum = "7969661fd2958a5cb096e56c8e1ad0444ac2bbcd0061bd28660485a44879858f"
dependencies = [
 "num-traits",
]

[[package]]
name = "num-traits"
version = "0.2.18"
source = "registry+https://github.com/rust-lang/crates.io-index"
checksum = "da0df0e5185db44f69b44f26786fe401b6c293d1907744beaa7fa62b2e5a517a"
dependencies = [
 "autocfg",
]

[[package]]
name = "once_cell"
version = "1.19.0"
source = "registry+https://github.com/rust-lang/crates.io-index"
checksum = "3fdb12b2476b595f9358c5161aa467c2438859caa136dec86c26fdd2efe17b92"

[[package]]
name = "paste"
version = "1.0.14"
source = "registry+https://github.com/rust-lang/crates.io-index"
checksum = "de3145af08024dea9fa9914f381a17b8fc6034dfb00f3a84013f7ff43f29ed4c"

[[package]]
name = "petgraph"
version = "0.6.4"
source = "registry+https://github.com/rust-lang/crates.io-index"
checksum = "e1d3afd2628e69da2be385eb6f2fd57c8ac7977ceeff6dc166ff1657b0e386a9"
dependencies = [
 "fixedbitset",
 "indexmap",
]

[[package]]
name = "phf"
version = "0.11.2"
source = "registry+https://github.com/rust-lang/crates.io-index"
checksum = "ade2d8b8f33c7333b51bcf0428d37e217e9f32192ae4772156f65063b8ce03dc"
dependencies = [
 "phf_shared",
]

[[package]]
name = "phf_codegen"
version = "0.11.2"
source = "registry+https://github.com/rust-lang/crates.io-index"
checksum = "e8d39688d359e6b34654d328e262234662d16cc0f60ec8dcbe5e718709342a5a"
dependencies = [
 "phf_generator",
 "phf_shared",
]

[[package]]
name = "phf_generator"
version = "0.11.2"
source = "registry+https://github.com/rust-lang/crates.io-index"
checksum = "48e4cc64c2ad9ebe670cb8fd69dd50ae301650392e81c05f9bfcb2d5bdbc24b0"
dependencies = [
 "phf_shared",
 "rand",
]

[[package]]
name = "phf_shared"
version = "0.11.2"
source = "registry+https://github.com/rust-lang/crates.io-index"
checksum = "90fcb95eef784c2ac79119d1dd819e162b5da872ce6f3c3abe1e8ca1c082f72b"
dependencies = [
 "siphasher",
]

[[package]]
name = "portable-atomic"
version = "1.6.0"
source = "registry+https://github.com/rust-lang/crates.io-index"
checksum = "7170ef9988bc169ba16dd36a7fa041e5c4cbeb6a35b76d4c03daded371eae7c0"

[[package]]
name = "ppv-lite86"
version = "0.2.17"
source = "registry+https://github.com/rust-lang/crates.io-index"
checksum = "5b40af805b3121feab8a3c29f04d8ad262fa8e0561883e7653e024ae4479e6de"

[[package]]
name = "pretty"
version = "0.11.3"
source = "registry+https://github.com/rust-lang/crates.io-index"
checksum = "83f3aa1e3ca87d3b124db7461265ac176b40c277f37e503eaa29c9c75c037846"
dependencies = [
 "arrayvec",
 "log",
 "typed-arena",
 "unicode-segmentation",
]

[[package]]
name = "proc-macro2"
version = "1.0.94"
source = "registry+https://github.com/rust-lang/crates.io-index"
checksum = "a31971752e70b8b2686d7e46ec17fb38dad4051d94024c88df49b667caea9c84"
dependencies = [
 "unicode-ident",
]

[[package]]
name = "pyo3"
version = "0.24.1"
source = "registry+https://github.com/rust-lang/crates.io-index"
checksum = "17da310086b068fbdcefbba30aeb3721d5bb9af8db4987d6735b2183ca567229"
dependencies = [
 "cfg-if",
 "indoc",
 "libc",
 "memoffset",
 "once_cell",
 "portable-atomic",
 "pyo3-build-config",
 "pyo3-ffi",
 "pyo3-macros",
 "unindent",
]

[[package]]
name = "pyo3-build-config"
version = "0.24.1"
source = "registry+https://github.com/rust-lang/crates.io-index"
checksum = "e27165889bd793000a098bb966adc4300c312497ea25cf7a690a9f0ac5aa5fc1"
dependencies = [
 "once_cell",
 "target-lexicon",
]

[[package]]
name = "pyo3-ffi"
version = "0.24.1"
source = "registry+https://github.com/rust-lang/crates.io-index"
checksum = "05280526e1dbf6b420062f3ef228b78c0c54ba94e157f5cb724a609d0f2faabc"
dependencies = [
 "libc",
 "pyo3-build-config",
]

[[package]]
name = "pyo3-macros"
version = "0.24.1"
source = "registry+https://github.com/rust-lang/crates.io-index"
checksum = "5c3ce5686aa4d3f63359a5100c62a127c9f15e8398e5fdeb5deef1fed5cd5f44"
dependencies = [
 "proc-macro2",
 "pyo3-macros-backend",
 "quote",
 "syn 2.0.100",
]

[[package]]
name = "pyo3-macros-backend"
version = "0.24.1"
source = "registry+https://github.com/rust-lang/crates.io-index"
checksum = "f4cf6faa0cbfb0ed08e89beb8103ae9724eb4750e3a78084ba4017cbe94f3855"
dependencies = [
 "heck",
 "proc-macro2",
 "pyo3-build-config",
 "quote",
 "syn 2.0.100",
]

[[package]]
name = "pytohdl"
version = "0.5.0"
dependencies = [
 "pyo3",
 "tohdl-codegen",
 "tohdl-frontend",
 "tohdl-ir",
 "tohdl-passes",
]

[[package]]
name = "quote"
version = "1.0.35"
source = "registry+https://github.com/rust-lang/crates.io-index"
checksum = "291ec9ab5efd934aaf503a6466c5d5251535d108ee747472c3977cc5acc868ef"
dependencies = [
 "proc-macro2",
]

[[package]]
name = "rand"
version = "0.8.5"
source = "registry+https://github.com/rust-lang/crates.io-index"
checksum = "34af8d1a0e25924bc5b7c43c079c942339d8f0a8b57c39049bef581b46327404"
dependencies = [
 "libc",
 "rand_chacha",
 "rand_core",
]

[[package]]
name = "rand_chacha"
version = "0.3.1"
source = "registry+https://github.com/rust-lang/crates.io-index"
checksum = "e6c10a63a0fa32252be49d21e7709d4d4baf8d231c2dbce1eaa8141b9b127d88"
dependencies = [
 "ppv-lite86",
 "rand_core",
]

[[package]]
name = "rand_core"
version = "0.6.4"
source = "registry+https://github.com/rust-lang/crates.io-index"
checksum = "ec0be4795e2f6a28069bec0b5ff3e2ac9bafc99e6a9a7dc3547996c5c816922c"
dependencies = [
 "getrandom",
]

[[package]]
name = "rustc-hash"
version = "1.1.0"
source = "registry+https://github.com/rust-lang/crates.io-index"
checksum = "08d43f7aa6b08d49f382cde6a7982047c3426db949b1424bc4b7ec9ae12c6ce2"

[[package]]
name = "rustc_version"
version = "0.4.0"
source = "registry+https://github.com/rust-lang/crates.io-index"
checksum = "bfa0f585226d2e68097d4f95d113b15b83a82e819ab25717ec0590d9584ef366"
dependencies = [
 "semver",
]

[[package]]
name = "rustpython-ast"
version = "0.3.1"
source = "git+https://github.com/RustPython/Parser.git#9ce55aefdeb35e2f706ce0b02d5a2dfe6295fc57"
dependencies = [
 "is-macro",
 "malachite-bigint",
 "rustpython-parser-core",
 "static_assertions",
]

[[package]]
name = "rustpython-parser"
version = "0.3.1"
source = "git+https://github.com/RustPython/Parser.git#9ce55aefdeb35e2f706ce0b02d5a2dfe6295fc57"
dependencies = [
 "anyhow",
 "is-macro",
 "itertools 0.11.0",
 "lalrpop-util",
 "log",
 "malachite-bigint",
 "num-traits",
 "phf",
 "phf_codegen",
 "rustc-hash",
 "rustpython-ast",
 "rustpython-parser-core",
 "tiny-keccak",
 "unic-emoji-char",
 "unic-ucd-ident",
 "unicode_names2",
]

[[package]]
name = "rustpython-parser-core"
version = "0.3.1"
source = "git+https://github.com/RustPython/Parser.git#9ce55aefdeb35e2f706ce0b02d5a2dfe6295fc57"
dependencies = [
 "is-macro",
 "memchr",
 "rustpython-parser-vendored",
]

[[package]]
name = "rustpython-parser-vendored"
version = "0.3.1"
source = "git+https://github.com/RustPython/Parser.git#9ce55aefdeb35e2f706ce0b02d5a2dfe6295fc57"
dependencies = [
 "memchr",
 "once_cell",
]

[[package]]
name = "ryu"
version = "1.0.17"
source = "registry+https://github.com/rust-lang/crates.io-index"
checksum = "e86697c916019a8588c99b5fac3cead74ec0b4b819707a682fd4d23fa0ce1ba1"

[[package]]
name = "semver"
version = "1.0.22"
source = "registry+https://github.com/rust-lang/crates.io-index"
checksum = "92d43fe69e652f3df9bdc2b85b2854a0825b86e4fb76bc44d945137d053639ca"

[[package]]
name = "serde"
version = "1.0.197"
source = "registry+https://github.com/rust-lang/crates.io-index"
checksum = "3fb1c873e1b9b056a4dc4c0c198b24c3ffa059243875552b2bd0933b1aee4ce2"
dependencies = [
 "serde_derive",
]

[[package]]
name = "serde_derive"
version = "1.0.197"
source = "registry+https://github.com/rust-lang/crates.io-index"
checksum = "7eb0b34b42edc17f6b7cac84a52a1c5f0e1bb2227e997ca9011ea3dd34e8610b"
dependencies = [
 "proc-macro2",
 "quote",
 "syn 2.0.100",
]

[[package]]
name = "siphasher"
version = "0.3.11"
source = "registry+https://github.com/rust-lang/crates.io-index"
checksum = "38b58827f4464d87d377d175e90bf58eb00fd8716ff0a62f80356b5e61555d0d"

[[package]]
name = "static_assertions"
version = "1.1.0"
source = "registry+https://github.com/rust-lang/crates.io-index"
checksum = "a2eb9349b6444b326872e140eb1cf5e7c522154d69e7a0ffb0fb81c06b37543f"

[[package]]
name = "syn"
version = "1.0.109"
source = "registry+https://github.com/rust-lang/crates.io-index"
checksum = "72b64191b275b66ffe2469e8af2c1cfe3bafa67b529ead792a6d0160888b4237"
dependencies = [
 "proc-macro2",
 "quote",
 "unicode-ident",
]

[[package]]
name = "syn"
version = "2.0.100"
source = "registry+https://github.com/rust-lang/crates.io-index"
checksum = "b09a44accad81e1ba1cd74a32461ba89dee89095ba17b32f5d03683b1b1fc2a0"
dependencies = [
 "proc-macro2",
 "quote",
 "unicode-ident",
]

[[package]]
name = "target-lexicon"
version = "0.13.2"
source = "registry+https://github.com/rust-lang/crates.io-index"
checksum = "e502f78cdbb8ba4718f566c418c52bc729126ffd16baee5baa718cf25dd5a69a"

[[package]]
name = "time"
version = "0.3.20"
source = "registry+https://github.com/rust-lang/crates.io-index"
checksum = "cd0cbfecb4d19b5ea75bb31ad904eb5b9fa13f21079c3b92017ebdf4999a5890"
dependencies = [
 "serde",
 "time-core",
]

[[package]]
name = "time-core"
version = "0.1.0"
source = "registry+https://github.com/rust-lang/crates.io-index"
checksum = "2e153e1f1acaef8acc537e68b44906d2db6436e2b35ac2c6b42640fff91f00fd"

[[package]]
name = "tiny-keccak"
version = "2.0.2"
source = "registry+https://github.com/rust-lang/crates.io-index"
checksum = "2c9d3793400a45f954c52e73d068316d76b6f4e36977e3fcebb13a2721e80237"
dependencies = [
 "crunchy",
]

[[package]]
name = "tohdl-codegen"
version = "0.1.0"
dependencies = [
 "tohdl-frontend",
 "tohdl-ir",
 "tohdl-passes",
 "typed-builder",
 "vast",
]

[[package]]
name = "tohdl-frontend"
version = "0.1.0"
dependencies = [
 "rustpython-ast",
 "rustpython-parser",
 "tohdl-ir",
]

[[package]]
name = "tohdl-ir"
version = "0.1.0"
dependencies = [
 "downcast-rs",
 "dyn-clone",
 "petgraph",
 "typed-builder",
]

[[package]]
name = "tohdl-passes"
version = "0.1.0"
dependencies = [
 "dyn-clone",
 "petgraph",
 "tohdl-frontend",
 "tohdl-ir",
]

[[package]]
name = "tohdl-tests"
version = "0.1.0"
dependencies = [
 "pytohdl",
 "tohdl-codegen",
 "tohdl-frontend",
 "tohdl-ir",
 "tohdl-passes",
]

[[package]]
name = "typed-arena"
version = "2.0.2"
source = "registry+https://github.com/rust-lang/crates.io-index"
checksum = "6af6ae20167a9ece4bcb41af5b80f8a1f1df981f6391189ce00fd257af04126a"

[[package]]
name = "typed-builder"
version = "0.18.1"
source = "registry+https://github.com/rust-lang/crates.io-index"
checksum = "444d8748011b93cb168770e8092458cb0f8854f931ff82fdf6ddfbd72a9c933e"
dependencies = [
 "typed-builder-macro",
]

[[package]]
name = "typed-builder-macro"
version = "0.18.1"
source = "registry+https://github.com/rust-lang/crates.io-index"
checksum = "563b3b88238ec95680aef36bdece66896eaa7ce3c0f1b4f39d38fb2435261352"
dependencies = [
 "proc-macro2",
 "quote",
 "syn 2.0.100",
]

[[package]]
name = "unic-char-property"
version = "0.9.0"
source = "registry+https://github.com/rust-lang/crates.io-index"
checksum = "a8c57a407d9b6fa02b4795eb81c5b6652060a15a7903ea981f3d723e6c0be221"
dependencies = [
 "unic-char-range",
]

[[package]]
name = "unic-char-range"
version = "0.9.0"
source = "registry+https://github.com/rust-lang/crates.io-index"
checksum = "0398022d5f700414f6b899e10b8348231abf9173fa93144cbc1a43b9793c1fbc"

[[package]]
name = "unic-common"
version = "0.9.0"
source = "registry+https://github.com/rust-lang/crates.io-index"
checksum = "80d7ff825a6a654ee85a63e80f92f054f904f21e7d12da4e22f9834a4aaa35bc"

[[package]]
name = "unic-emoji-char"
version = "0.9.0"
source = "registry+https://github.com/rust-lang/crates.io-index"
checksum = "0b07221e68897210270a38bde4babb655869637af0f69407f96053a34f76494d"
dependencies = [
 "unic-char-property",
 "unic-char-range",
 "unic-ucd-version",
]

[[package]]
name = "unic-ucd-ident"
version = "0.9.0"
source = "registry+https://github.com/rust-lang/crates.io-index"
checksum = "e230a37c0381caa9219d67cf063aa3a375ffed5bf541a452db16e744bdab6987"
dependencies = [
 "unic-char-property",
 "unic-char-range",
 "unic-ucd-version",
]

[[package]]
name = "unic-ucd-version"
version = "0.9.0"
source = "registry+https://github.com/rust-lang/crates.io-index"
checksum = "96bd2f2237fe450fcd0a1d2f5f4e91711124f7857ba2e964247776ebeeb7b0c4"
dependencies = [
 "unic-common",
]

[[package]]
name = "unicode-ident"
version = "1.0.12"
source = "registry+https://github.com/rust-lang/crates.io-index"
checksum = "3354b9ac3fae1ff6755cb6db53683adb661634f67557942dea4facebec0fee4b"

[[package]]
name = "unicode-segmentation"
version = "1.11.0"
source = "registry+https://github.com/rust-lang/crates.io-index"
checksum = "d4c87d22b6e3f4a18d4d40ef354e97c90fcb14dd91d7dc0aa9d8a1172ebf7202"

[[package]]
name = "unicode-width"
version = "0.1.11"
source = "registry+https://github.com/rust-lang/crates.io-index"
checksum = "e51733f11c9c4f72aa0c160008246859e340b00807569a0da0e7a1079b27ba85"

[[package]]
name = "unicode_names2"
version = "1.2.1"
source = "registry+https://github.com/rust-lang/crates.io-index"
checksum = "ac64ef2f016dc69dfa8283394a70b057066eb054d5fcb6b9eb17bd2ec5097211"
dependencies = [
 "phf",
 "unicode_names2_generator",
]

[[package]]
name = "unicode_names2_generator"
version = "1.2.1"
source = "registry+https://github.com/rust-lang/crates.io-index"
checksum = "013f6a731e80f3930de580e55ba41dfa846de4e0fdee4a701f97989cb1597d6a"
dependencies = [
 "getopts",
 "log",
 "phf_codegen",
 "rand",
 "time",
]

[[package]]
name = "unindent"
version = "0.2.3"
source = "registry+https://github.com/rust-lang/crates.io-index"
checksum = "c7de7d73e1754487cb58364ee906a499937a0dfabd86bcb980fa99ec8c8fa2ce"

[[package]]
name = "vast"
version = "0.3.3"
source = "registry+https://github.com/rust-lang/crates.io-index"
checksum = "1adaa4ed0e71c5eb614cf42563dbfedb47c0e343b9c7c710bdc092c918e08e32"
dependencies = [
 "itertools 0.10.5",
 "pretty",
]

[[package]]
name = "version_check"
version = "0.9.4"
source = "registry+https://github.com/rust-lang/crates.io-index"
checksum = "49874b5167b65d7193b8aba1567f5c7d93d001cafc34600cee003eda787e483f"

[[package]]
name = "wasi"
version = "0.11.0+wasi-snapshot-preview1"
source = "registry+https://github.com/rust-lang/crates.io-index"
checksum = "9c8d87e72b64a3b4db28d11ce29237c246188f4f51057d65a7eab63b7987e423"

[[package]]
name = "zerocopy"
version = "0.7.32"
source = "registry+https://github.com/rust-lang/crates.io-index"
checksum = "74d4d3961e53fa4c9a25a8637fc2bfaf2595b3d3ae34875568a5cf64787716be"
dependencies = [
 "zerocopy-derive",
]

[[package]]
name = "zerocopy-derive"
version = "0.7.32"
source = "registry+https://github.com/rust-lang/crates.io-index"
checksum = "9ce1b18ccd8e73a9321186f97e46f9f04b778851177567b1975109d26a08d2a6"
dependencies = [
 "proc-macro2",
 "quote",
 "syn 2.0.100",
]
